PODS:
  - Alamofire (4.8.2)
  - AlamofireImage (3.5.2):
    - Alamofire (~> 4.8)
  - LightboxV2 (2.4.2):
    - AlamofireImage (~> 3.5.2)

DEPENDENCIES:
  - LightboxV2 (from `../../`)

SPEC REPOS:
  https://github.com/cocoapods/specs.git:
    - Alamofire
    - AlamofireImage

EXTERNAL SOURCES:
  LightboxV2:
    :path: "../../"

SPEC CHECKSUMS:
  Alamofire: ae5c501addb7afdbb13687d7f2f722c78734c2d3
  AlamofireImage: 63cfe3baf1370be6c498149687cf6db3e3b00999
  LightboxV2: daf9f1da71b3b4512af1f1901782fba18ec8aaf7

PODFILE CHECKSUM: 28b1e6c3b378009b7e902fadd93b15fb9a820851

COCOAPODS: 1.7.4
