PODS:
  - Alamofire (5.0.0-rc.2)
  - AlamofireImage (4.0.0-beta.5):
    - Alamofire (~> 5.0.0-rc.2)
  - LightboxV2 (2.4.7):
    - AlamofireImage (~> 4.0.0-beta.5)

DEPENDENCIES:
  - LightboxV2

SPEC REPOS:
  https://github.com/cocoapods/specs.git:
    - Alamofire
    - AlamofireImage
    - LightboxV2

SPEC CHECKSUMS:
  Alamofire: f9450d3c7f6bea2ad62e7a541c3e9b186c7991d6
  AlamofireImage: f6dfe201f6d59cc6a045b5cb228b58962b8ef31d
  LightboxV2: bba0b0584ae391765feb286589493e618adf73dc

PODFILE CHECKSUM: dd0407767a59e2dc9d8555cbf818f2b79b011a89

COCOAPODS: 1.7.2
