PODS:
  - Alamofire (5.2.1)
  - AlamofireImage (4.0.3):
    - Alamofire (< 6.0.0, >= 5.0.2)
  - LightboxV2 (2.5.4):
    - AlamofireImage (~> 4.0.0-beta.5)

DEPENDENCIES:
  - LightboxV2 (from `../../`)

SPEC REPOS:
  trunk:
    - Alamofire
    - AlamofireImage

EXTERNAL SOURCES:
  LightboxV2:
    :path: "../../"

SPEC CHECKSUMS:
  Alamofire: e911732990610fe89af59ac0077f923d72dc3dfd
  AlamofireImage: 3d1a2010519e58675318735580eb856e88840ff7
  LightboxV2: 9960b67b32c317fde5d76db659d06c7d2812159e

PODFILE CHECKSUM: 969bc0e161bfd2b9719a214f15af8001256226e3

COCOAPODS: 1.9.1
